
Microsoft Visual Studio Solution File, Format Version 12.00
# Visual Studio Version 17
VisualStudioVersion = 17.2.32408.312
MinimumVisualStudioVersion = 10.0.40219.1
Project("{9A19103F-16F7-4668-BE54-9A1E7A4F7556}") = "SSquared.Web", "SSquared.Web\SSquared.Web.csproj", "{D4C80147-4165-4C03-92F6-5377DD87E5ED}"
EndProject
Project("{9A19103F-16F7-4668-BE54-9A1E7A4F7556}") = "SSquared.Infrastructure", "SSquared.Infrastructure\SSquared.Infrastructure.csproj", "{47469A1D-AB62-4ACD-9FCF-76974559CA9B}"
EndProject
Project("{9A19103F-16F7-4668-BE54-9A1E7A4F7556}") = "SSquared.Core", "SSquared.Core\SSquared.Core.csproj", "{8EF53625-6E8B-4B6A-8854-78BA061CE8B6}"
EndProject
Global
	GlobalSection(SolutionConfigurationPlatforms) = preSolution
		Debug|Any CPU = Debug|Any CPU
		Release|Any CPU = Release|Any CPU
	EndGlobalSection
	GlobalSection(ProjectConfigurationPlatforms) = postSolution
		{D4C80147-4165-4C03-92F6-5377DD87E5ED}.Debug|Any CPU.ActiveCfg = Debug|Any CPU
		{D4C80147-4165-4C03-92F6-5377DD87E5ED}.Debug|Any CPU.Build.0 = Debug|Any CPU
		{D4C80147-4165-4C03-92F6-5377DD87E5ED}.Release|Any CPU.ActiveCfg = Release|Any CPU
		{D4C80147-4165-4C03-92F6-5377DD87E5ED}.Release|Any CPU.Build.0 = Release|Any CPU
		{47469A1D-AB62-4ACD-9FCF-76974559CA9B}.Debug|Any CPU.ActiveCfg = Debug|Any CPU
		{47469A1D-AB62-4ACD-9FCF-76974559CA9B}.Debug|Any CPU.Build.0 = Debug|Any CPU
		{47469A1D-AB62-4ACD-9FCF-76974559CA9B}.Release|Any CPU.ActiveCfg = Release|Any CPU
		{47469A1D-AB62-4ACD-9FCF-76974559CA9B}.Release|Any CPU.Build.0 = Release|Any CPU
		{8EF53625-6E8B-4B6A-8854-78BA061CE8B6}.Debug|Any CPU.ActiveCfg = Debug|Any CPU
		{8EF53625-6E8B-4B6A-8854-78BA061CE8B6}.Debug|Any CPU.Build.0 = Debug|Any CPU
		{8EF53625-6E8B-4B6A-8854-78BA061CE8B6}.Release|Any CPU.ActiveCfg = Release|Any CPU
		{8EF53625-6E8B-4B6A-8854-78BA061CE8B6}.Release|Any CPU.Build.0 = Release|Any CPU
	EndGlobalSection
	GlobalSection(SolutionProperties) = preSolution
		HideSolutionNode = FALSE
	EndGlobalSection
	GlobalSection(ExtensibilityGlobals) = postSolution
		SolutionGuid = {866CD6C1-2D23-4AB6-8D15-393AAD29C8CA}
	EndGlobalSection
EndGlobal
